// !$*UTF8*$!
{
	archiveVersion = 1;
	classes = {
	};
	objectVersion = 46;
	objects = {

/* Begin PBXBuildFile section */
		714AB9151A79E42800707DC1 /* AppDelegate.swift in Sources */ = {isa = PBXBuildFile; fileRef = 714AB9141A79E42800707DC1 /* AppDelegate.swift */; };
		714AB9171A79E42800707DC1 /* ViewController.swift in Sources */ = {isa = PBXBuildFile; fileRef = 714AB9161A79E42800707DC1 /* ViewController.swift */; };
		714AB91A1A79E42900707DC1 /* Main.storyboard in Resources */ = {isa = PBXBuildFile; fileRef = 714AB9181A79E42900707DC1 /* Main.storyboard */; };
		714AB91C1A79E42900707DC1 /* Images.xcassets in Resources */ = {isa = PBXBuildFile; fileRef = 714AB91B1A79E42900707DC1 /* Images.xcassets */; };
		714AB91F1A79E42900707DC1 /* LaunchScreen.xib in Resources */ = {isa = PBXBuildFile; fileRef = 714AB91D1A79E42900707DC1 /* LaunchScreen.xib */; };
		714AB92B1A79E42900707DC1 /* EZCalculatorTests.swift in Sources */ = {isa = PBXBuildFile; fileRef = 714AB92A1A79E42900707DC1 /* EZCalculatorTests.swift */; };
		714AB9351A7C51C200707DC1 /* CalculatorModel.swift in Sources */ = {isa = PBXBuildFile; fileRef = 714AB9341A7C51C200707DC1 /* CalculatorModel.swift */; };
/* End PBXBuildFile section */

/* Begin PBXContainerItemProxy section */
		714AB9251A79E42900707DC1 /* PBXContainerItemProxy */ = {
			isa = PBXContainerItemProxy;
			containerPortal = 714AB9071A79E42800707DC1 /* Project object */;
			proxyType = 1;
			remoteGlobalIDString = 714AB90E1A79E42800707DC1;
			remoteInfo = EZCalculator;
		};
/* End PBXContainerItemProxy section */

/* Begin PBXFileReference section */
		714AB90F1A79E42800707DC1 /* EZCalculator.app */ = {isa = PBXFileReference; explicitFileType = wrapper.application; includeInIndex = 0; path = EZCalculator.app; sourceTree = BUILT_PRODUCTS_DIR; };
		714AB9131A79E42800707DC1 /* Info.plist */ = {isa = PBXFileReference; lastKnownFileType = text.plist.xml; path = Info.plist; sourceTree = "<group>"; };
		714AB9141A79E42800707DC1 /* AppDelegate.swift */ = {isa = PBXFileReference; lastKnownFileType = sourcecode.swift; path = AppDelegate.swift; sourceTree = "<group>"; };
		714AB9161A79E42800707DC1 /* ViewController.swift */ = {isa = PBXFileReference; lastKnownFileType = sourcecode.swift; path = ViewController.swift; sourceTree = "<group>"; };
		714AB9191A79E42900707DC1 /* Base */ = {isa = PBXFileReference; lastKnownFileType = file.storyboard; name = Base; path = Base.lproj/Main.storyboard; sourceTree = "<group>"; };
		714AB91B1A79E42900707DC1 /* Images.xcassets */ = {isa = PBXFileReference; lastKnownFileType = folder.assetcatalog; path = Images.xcassets; sourceTree = "<group>"; };
		714AB91E1A79E42900707DC1 /* Base */ = {isa = PBXFileReference; lastKnownFileType = file.xib; name = Base; path = Base.lproj/LaunchScreen.xib; sourceTree = "<group>"; };
		714AB9241A79E42900707DC1 /* EZCalculatorTests.xctest */ = {isa = PBXFileReference; explicitFileType = wrapper.cfbundle; includeInIndex = 0; path = EZCalculatorTests.xctest; sourceTree = BUILT_PRODUCTS_DIR; };
		714AB9291A79E42900707DC1 /* Info.plist */ = {isa = PBXFileReference; lastKnownFileType = text.plist.xml; path = Info.plist; sourceTree = "<group>"; };
		714AB92A1A79E42900707DC1 /* EZCalculatorTests.swift */ = {isa = PBXFileReference; lastKnownFileType = sourcecode.swift; path = EZCalculatorTests.swift; sourceTree = "<group>"; };
		714AB9341A7C51C200707DC1 /* CalculatorModel.swift */ = {isa = PBXFileReference; fileEncoding = 4; lastKnownFileType = sourcecode.swift; path = CalculatorModel.swift; sourceTree = "<group>"; };
/* End PBXFileReference section */

/* Begin PBXFrameworksBuildPhase section */
		714AB90C1A79E42800707DC1 /* Frameworks */ = {
			isa = PBXFrameworksBuildPhase;
			buildActionMask = 2147483647;
			files = (
			);
			runOnlyForDeploymentPostprocessing = 0;
		};
		714AB9211A79E42900707DC1 /* Frameworks */ = {
			isa = PBXFrameworksBuildPhase;
			buildActionMask = 2147483647;
			files = (
			);
			runOnlyForDeploymentPostprocessing = 0;
		};
/* End PBXFrameworksBuildPhase section */

/* Begin PBXGroup section */
		714AB9061A79E42800707DC1 = {
			isa = PBXGroup;
			children = (
				714AB9111A79E42800707DC1 /* EZCalculator */,
				714AB9271A79E42900707DC1 /* EZCalculatorTests */,
				714AB9101A79E42800707DC1 /* Products */,
			);
			sourceTree = "<group>";
		};
		714AB9101A79E42800707DC1 /* Products */ = {
			isa = PBXGroup;
			children = (
				714AB90F1A79E42800707DC1 /* EZCalculator.app */,
				714AB9241A79E42900707DC1 /* EZCalculatorTests.xctest */,
			);
			name = Products;
			sourceTree = "<group>";
		};
		714AB9111A79E42800707DC1 /* EZCalculator */ = {
			isa = PBXGroup;
			children = (
				714AB9141A79E42800707DC1 /* AppDelegate.swift */,
				714AB9161A79E42800707DC1 /* ViewController.swift */,
				714AB9341A7C51C200707DC1 /* CalculatorModel.swift */,
				714AB9181A79E42900707DC1 /* Main.storyboard */,
				714AB91B1A79E42900707DC1 /* Images.xcassets */,
				714AB91D1A79E42900707DC1 /* LaunchScreen.xib */,
				714AB9121A79E42800707DC1 /* Supporting Files */,
			);
			path = EZCalculator;
			sourceTree = "<group>";
		};
		714AB9121A79E42800707DC1 /* Supporting Files */ = {
			isa = PBXGroup;
			children = (
				714AB9131A79E42800707DC1 /* Info.plist */,
			);
			name = "Supporting Files";
			sourceTree = "<group>";
		};
		714AB9271A79E42900707DC1 /* EZCalculatorTests */ = {
			isa = PBXGroup;
			children = (
				714AB92A1A79E42900707DC1 /* EZCalculatorTests.swift */,
				714AB9281A79E42900707DC1 /* Supporting Files */,
			);
			path = EZCalculatorTests;
			sourceTree = "<group>";
		};
		714AB9281A79E42900707DC1 /* Supporting Files */ = {
			isa = PBXGroup;
			children = (
				714AB9291A79E42900707DC1 /* Info.plist */,
			);
			name = "Supporting Files";
			sourceTree = "<group>";
		};
/* End PBXGroup section */

/* Begin PBXNativeTarget section */
		714AB90E1A79E42800707DC1 /* EZCalculator */ = {
			isa = PBXNativeTarget;
			buildConfigurationList = 714AB92E1A79E42900707DC1 /* Build configuration list for PBXNativeTarget "EZCalculator" */;
			buildPhases = (
				714AB90B1A79E42800707DC1 /* Sources */,
				714AB90C1A79E42800707DC1 /* Frameworks */,
				714AB90D1A79E42800707DC1 /* Resources */,
			);
			buildRules = (
			);
			dependencies = (
			);
			name = EZCalculator;
			productName = EZCalculator;
			productReference = 714AB90F1A79E42800707DC1 /* EZCalculator.app */;
			productType = "com.apple.product-type.application";
		};
		714AB9231A79E42900707DC1 /* EZCalculatorTests */ = {
			isa = PBXNativeTarget;
			buildConfigurationList = 714AB9311A79E42900707DC1 /* Build configuration list for PBXNativeTarget "EZCalculatorTests" */;
			buildPhases = (
				714AB9201A79E42900707DC1 /* Sources */,
				714AB9211A79E42900707DC1 /* Frameworks */,
				714AB9221A79E42900707DC1 /* Resources */,
			);
			buildRules = (
			);
			dependencies = (
				714AB9261A79E42900707DC1 /* PBXTargetDependency */,
			);
			name = EZCalculatorTests;
			productName = EZCalculatorTests;
			productReference = 714AB9241A79E42900707DC1 /* EZCalculatorTests.xctest */;
			productType = "com.apple.product-type.bundle.unit-test";
		};
/* End PBXNativeTarget section */

/* Begin PBXProject section */
		714AB9071A79E42800707DC1 /* Project object */ = {
			isa = PBXProject;
			attributes = {
				LastUpgradeCheck = 0610;
				ORGANIZATIONNAME = divms;
				TargetAttributes = {
					714AB90E1A79E42800707DC1 = {
						CreatedOnToolsVersion = 6.1.1;
						DevelopmentTeam = E8QB697XN4;
						LastSwiftMigration = 0800;
					};
					714AB9231A79E42900707DC1 = {
						CreatedOnToolsVersion = 6.1.1;
						LastSwiftMigration = 0800;
						TestTargetID = 714AB90E1A79E42800707DC1;
					};
				};
			};
			buildConfigurationList = 714AB90A1A79E42800707DC1 /* Build configuration list for PBXProject "EZCalculator" */;
			compatibilityVersion = "Xcode 3.2";
			developmentRegion = English;
			hasScannedForEncodings = 0;
			knownRegions = (
				en,
				Base,
			);
			mainGroup = 714AB9061A79E42800707DC1;
			productRefGroup = 714AB9101A79E42800707DC1 /* Products */;
			projectDirPath = "";
			projectRoot = "";
			targets = (
				714AB90E1A79E42800707DC1 /* EZCalculator */,
				714AB9231A79E42900707DC1 /* EZCalculatorTests */,
			);
		};
/* End PBXProject section */

/* Begin PBXResourcesBuildPhase section */
		714AB90D1A79E42800707DC1 /* Resources */ = {
			isa = PBXResourcesBuildPhase;
			buildActionMask = 2147483647;
			files = (
				714AB91A1A79E42900707DC1 /* Main.storyboard in Resources */,
				714AB91F1A79E42900707DC1 /* LaunchScreen.xib in Resources */,
				714AB91C1A79E42900707DC1 /* Images.xcassets in Resources */,
			);
			runOnlyForDeploymentPostprocessing = 0;
		};
		714AB9221A79E42900707DC1 /* Resources */ = {
			isa = PBXResourcesBuildPhase;
			buildActionMask = 2147483647;
			files = (
			);
			runOnlyForDeploymentPostprocessing = 0;
		};
/* End PBXResourcesBuildPhase section */

/* Begin PBXSourcesBuildPhase section */
		714AB90B1A79E42800707DC1 /* Sources */ = {
			isa = PBXSourcesBuildPhase;
			buildActionMask = 2147483647;
			files = (
				714AB9351A7C51C200707DC1 /* CalculatorModel.swift in Sources */,
				714AB9171A79E42800707DC1 /* ViewController.swift in Sources */,
				714AB9151A79E42800707DC1 /* AppDelegate.swift in Sources */,
			);
			runOnlyForDeploymentPostprocessing = 0;
		};
		714AB9201A79E42900707DC1 /* Sources */ = {
			isa = PBXSourcesBuildPhase;
			buildActionMask = 2147483647;
			files = (
				714AB92B1A79E42900707DC1 /* EZCalculatorTests.swift in Sources */,
			);
			runOnlyForDeploymentPostprocessing = 0;
		};
/* End PBXSourcesBuildPhase section */

/* Begin PBXTargetDependency section */
		714AB9261A79E42900707DC1 /* PBXTargetDependency */ = {
			isa = PBXTargetDependency;
			target = 714AB90E1A79E42800707DC1 /* EZCalculator */;
			targetProxy = 714AB9251A79E42900707DC1 /* PBXContainerItemProxy */;
		};
/* End PBXTargetDependency section */

/* Begin PBXVariantGroup section */
		714AB9181A79E42900707DC1 /* Main.storyboard */ = {
			isa = PBXVariantGroup;
			children = (
				714AB9191A79E42900707DC1 /* Base */,
			);
			name = Main.storyboard;
			sourceTree = "<group>";
		};
		714AB91D1A79E42900707DC1 /* LaunchScreen.xib */ = {
			isa = PBXVariantGroup;
			children = (
				714AB91E1A79E42900707DC1 /* Base */,
			);
			name = LaunchScreen.xib;
			sourceTree = "<group>";
		};
/* End PBXVariantGroup section */

/* Begin XCBuildConfiguration section */
		714AB92C1A79E42900707DC1 /* Debug */ = {
			isa = XCBuildConfiguration;
			buildSettings = {
				ALWAYS_SEARCH_USER_PATHS = NO;
				CLANG_CXX_LANGUAGE_STANDARD = "gnu++0x";
				CLANG_CXX_LIBRARY = "libc++";
				CLANG_ENABLE_MODULES = YES;
				CLANG_ENABLE_OBJC_ARC = YES;
				CLANG_WARN_BOOL_CONVERSION = YES;
				CLANG_WARN_CONSTANT_CONVERSION = YES;
				CLANG_WARN_DIRECT_OBJC_ISA_USAGE = YES_ERROR;
				CLANG_WARN_EMPTY_BODY = YES;
				CLANG_WARN_ENUM_CONVERSION = YES;
				CLANG_WARN_INT_CONVERSION = YES;
				CLANG_WARN_OBJC_ROOT_CLASS = YES_ERROR;
				CLANG_WARN_UNREACHABLE_CODE = YES;
				CLANG_WARN__DUPLICATE_METHOD_MATCH = YES;
				"CODE_SIGN_IDENTITY[sdk=iphoneos*]" = "iPhone Developer";
				COPY_PHASE_STRIP = NO;
				ENABLE_STRICT_OBJC_MSGSEND = YES;
				GCC_C_LANGUAGE_STANDARD = gnu99;
				GCC_DYNAMIC_NO_PIC = NO;
				GCC_OPTIMIZATION_LEVEL = 0;
				GCC_PREPROCESSOR_DEFINITIONS = (
					"DEBUG=1",
					"$(inherited)",
				);
				GCC_SYMBOLS_PRIVATE_EXTERN = NO;
				GCC_WARN_64_TO_32_BIT_CONVERSION = YES;
				GCC_WARN_ABOUT_RETURN_TYPE = YES_ERROR;
				GCC_WARN_UNDECLARED_SELECTOR = YES;
				GCC_WARN_UNINITIALIZED_AUTOS = YES_AGGRESSIVE;
				GCC_WARN_UNUSED_FUNCTION = YES;
				GCC_WARN_UNUSED_VARIABLE = YES;
				IPHONEOS_DEPLOYMENT_TARGET = 8.1;
				MTL_ENABLE_DEBUG_INFO = YES;
				ONLY_ACTIVE_ARCH = YES;
				SDKROOT = iphoneos;
				SWIFT_OPTIMIZATION_LEVEL = "-Onone";
			};
			name = Debug;
		};
		714AB92D1A79E42900707DC1 /* Release */ = {
			isa = XCBuildConfiguration;
			buildSettings = {
				ALWAYS_SEARCH_USER_PATHS = NO;
				CLANG_CXX_LANGUAGE_STANDARD = "gnu++0x";
				CLANG_CXX_LIBRARY = "libc++";
				CLANG_ENABLE_MODULES = YES;
				CLANG_ENABLE_OBJC_ARC = YES;
				CLANG_WARN_BOOL_CONVERSION = YES;
				CLANG_WARN_CONSTANT_CONVERSION = YES;
				CLANG_WARN_DIRECT_OBJC_ISA_USAGE = YES_ERROR;
				CLANG_WARN_EMPTY_BODY = YES;
				CLANG_WARN_ENUM_CONVERSION = YES;
				CLANG_WARN_INT_CONVERSION = YES;
				CLANG_WARN_OBJC_ROOT_CLASS = YES_ERROR;
				CLANG_WARN_UNREACHABLE_CODE = YES;
				CLANG_WARN__DUPLICATE_METHOD_MATCH = YES;
				"CODE_SIGN_IDENTITY[sdk=iphoneos*]" = "iPhone Developer";
				COPY_PHASE_STRIP = YES;
				ENABLE_NS_ASSERTIONS = NO;
				ENABLE_STRICT_OBJC_MSGSEND = YES;
				GCC_C_LANGUAGE_STANDARD = gnu99;
				GCC_WARN_64_TO_32_BIT_CONVERSION = YES;
				GCC_WARN_ABOUT_RETURN_TYPE = YES_ERROR;
				GCC_WARN_UNDECLARED_SELECTOR = YES;
				GCC_WARN_UNINITIALIZED_AUTOS = YES_AGGRESSIVE;
				GCC_WARN_UNUSED_FUNCTION = YES;
				GCC_WARN_UNUSED_VARIABLE = YES;
				IPHONEOS_DEPLOYMENT_TARGET = 8.1;
				MTL_ENABLE_DEBUG_INFO = NO;
				SDKROOT = iphoneos;
				VALIDATE_PRODUCT = YES;
			};
			name = Release;
		};
		714AB92F1A79E42900707DC1 /* Debug */ = {
			isa = XCBuildConfiguration;
			buildSettings = {
				ASSETCATALOG_COMPILER_APPICON_NAME = AppIcon;
				CODE_SIGN_IDENTITY = "iPhone Developer";
				DEVELOPMENT_TEAM = E8QB697XN4;
				INFOPLIST_FILE = EZCalculator/Info.plist;
				IPHONEOS_DEPLOYMENT_TARGET = 8.0;
				LD_RUNPATH_SEARCH_PATHS = "$(inherited) @executable_path/Frameworks";
				PRODUCT_NAME = "$(TARGET_NAME)";
				SWIFT_VERSION = 3.0;
				TARGETED_DEVICE_FAMILY = 1;
			};
			name = Debug;
		};
		714AB9301A79E42900707DC1 /* Release */ = {
			isa = XCBuildConfiguration;
			buildSettings = {
				ASSETCATALOG_COMPILER_APPICON_NAME = AppIcon;
				CODE_SIGN_IDENTITY = "iPhone Developer";
				DEVELOPMENT_TEAM = E8QB697XN4;
				GCC_OPTIMIZATION_LEVEL = 0;
				INFOPLIST_FILE = EZCalculator/Info.plist;
				IPHONEOS_DEPLOYMENT_TARGET = 8.0;
				LD_RUNPATH_SEARCH_PATHS = "$(inherited) @executable_path/Frameworks";
				PRODUCT_NAME = "$(TARGET_NAME)";
				SWIFT_VERSION = 3.0;
				TARGETED_DEVICE_FAMILY = 1;
			};
			name = Release;
		};
		714AB9321A79E42900707DC1 /* Debug */ = {
			isa = XCBuildConfiguration;
			buildSettings = {
				BUNDLE_LOADER = "$(TEST_HOST)";
				FRAMEWORK_SEARCH_PATHS = (
					"$(SDKROOT)/Developer/Library/Frameworks",
					"$(inherited)",
				);
				GCC_PREPROCESSOR_DEFINITIONS = (
					"DEBUG=1",
					"$(inherited)",
				);
				INFOPLIST_FILE = EZCalculatorTests/Info.plist;
				LD_RUNPATH_SEARCH_PATHS = "$(inherited) @executable_path/Frameworks @loader_path/Frameworks";
				PRODUCT_NAME = "$(TARGET_NAME)";
				SWIFT_VERSION = 3.0;
				TEST_HOST = "$(BUILT_PRODUCTS_DIR)/EZCalculator.app/EZCalculator";
			};
			name = Debug;
		};
		714AB9331A79E42900707DC1 /* Release */ = {
			isa = XCBuildConfiguration;
			buildSettings = {
				BUNDLE_LOADER = "$(TEST_HOST)";
				FRAMEWORK_SEARCH_PATHS = (
					"$(SDKROOT)/Developer/Library/Frameworks",
					"$(inherited)",
				);
				INFOPLIST_FILE = EZCalculatorTests/Info.plist;
				LD_RUNPATH_SEARCH_PATHS = "$(inherited) @executable_path/Frameworks @loader_path/Frameworks";
				PRODUCT_NAME = "$(TARGET_NAME)";
				SWIFT_VERSION = 3.0;
				TEST_HOST = "$(BUILT_PRODUCTS_DIR)/EZCalculator.app/EZCalculator";
			};
			name = Release;
		};
/* End XCBuildConfiguration section */

/* Begin XCConfigurationList section */
		714AB90A1A79E42800707DC1 /* Build configuration list for PBXProject "EZCalculator" */ = {
			isa = XCConfigurationList;
			buildConfigurations = (
				714AB92C1A79E42900707DC1 /* Debug */,
				714AB92D1A79E42900707DC1 /* Release */,
			);
			defaultConfigurationIsVisible = 0;
			defaultConfigurationName = Release;
		};
		714AB92E1A79E42900707DC1 /* Build configuration list for PBXNativeTarget "EZCalculator" */ = {
			isa = XCConfigurationList;
			buildConfigurations = (
				714AB92F1A79E42900707DC1 /* Debug */,
				714AB9301A79E42900707DC1 /* Release */,
			);
			defaultConfigurationIsVisible = 0;
			defaultConfigurationName = Release;
		};
		714AB9311A79E42900707DC1 /* Build configuration list for PBXNativeTarget "EZCalculatorTests" */ = {
			isa = XCConfigurationList;
			buildConfigurations = (
				714AB9321A79E42900707DC1 /* Debug */,
				714AB9331A79E42900707DC1 /* Release */,
			);
			defaultConfigurationIsVisible = 0;
			defaultConfigurationName = Release;
		};
/* End XCConfigurationList section */
	};
	rootObject = 714AB9071A79E42800707DC1 /* Project object */;
}
